{
    "_readme": [
        "This file locks the dependencies of your project to a known state",
        "Read more about it at https://getcomposer.org/doc/01-basic-usage.md#installing-dependencies",
        "This file is @generated automatically"
    ],
    "content-hash": "5aa070d005eac51269092ab28cc5fa23",
    "packages": [],
    "packages-dev": [
        {
            "name": "swoole/ide-helper",
            "version": "dev-master",
            "source": {
                "type": "git",
                "url": "https://github.com/swoole/ide-helper.git",
                "reference": "8f82ba3b6af04a5bccb97c1654af992d1ee8b0fe"
            },
            "dist": {
                "type": "zip",
                "url": "https://api.github.com/repos/swoole/ide-helper/zipball/8f82ba3b6af04a5bccb97c1654af992d1ee8b0fe",
                "reference": "8f82ba3b6af04a5bccb97c1654af992d1ee8b0fe",
                "shasum": ""
            },
            "default-branch": true,
            "type": "library",
            "notification-url": "https://packagist.org/downloads/",
            "license": [
                "Apache-2.0"
            ],
            "authors": [
                {
                    "name": "Team Swoole",
                    "email": "team@swoole.com"
                }
            ],
            "description": "IDE help files for Swoole.",
            "support": {
                "issues": "https://github.com/swoole/ide-helper/issues",
                "source": "https://github.com/swoole/ide-helper/tree/4.8.9"
            },
            "funding": [
                {
                    "url": "https://gitee.com/swoole/swoole?donate=true",
                    "type": "custom"
                },
                {
                    "url": "https://github.com/swoole",
                    "type": "github"
                }
            ],
            "time": "2022-04-18T20:38:04+00:00"
        }
    ],
    "aliases": [],
    "minimum-stability": "stable",
    "stability-flags": {
        "swoole/ide-helper": 20
    },
    "prefer-stable": false,
    "prefer-lowest": false,
    "platform": [],
    "platform-dev": [],
    "plugin-api-version": "2.3.0"
}
